PODS:
  - ReachabilitySwift (5.0.0)
  - SDWebImage (5.19.1):
    - SDWebImage/Core (= 5.19.1)
  - SDWebImage/Core (5.19.1)

DEPENDENCIES:
  - ReachabilitySwift
  - SDWebImage (~> 5.0)

SPEC REPOS:
  trunk:
    - ReachabilitySwift
    - SDWebImage

SPEC CHECKSUMS:
  ReachabilitySwift: 985039c6f7b23a1da463388634119492ff86c825
  SDWebImage: 40b0b4053e36c660a764958bff99eed16610acbb

PODFILE CHECKSUM: 2c84df0f8e820e8f9fda78cd7e2e974dc11e737e

COCOAPODS: 1.15.2
